
Microsoft Visual Studio Solution File, Format Version 12.00
# Visual Studio 15
VisualStudioVersion = 15.0.27130.2026
MinimumVisualStudioVersion = 10.0.40219.1
Project("{8BC9CEB8-8B4A-11D0-8D11-00A0C91BC942}") = "Homework9-3", "Homework9-3\Homework9-3.vcxproj", "{B0096C9E-9DD2-4951-B6ED-19904DEC8352}"
EndProject
Global
	GlobalSection(SolutionConfigurationPlatforms) = preSolution
		Debug|x64 = Debug|x64
		Debug|x86 = Debug|x86
		Release|x64 = Release|x64
		Release|x86 = Release|x86
	EndGlobalSection
	GlobalSection(ProjectConfigurationPlatforms) = postSolution
		{B0096C9E-9DD2-4951-B6ED-19904DEC8352}.Debug|x64.ActiveCfg = Debug|x64
		{B0096C9E-9DD2-4951-B6ED-19904DEC8352}.Debug|x64.Build.0 = Debug|x64
		{B0096C9E-9DD2-4951-B6ED-19904DEC8352}.Debug|x86.ActiveCfg = Debug|Win32
		{B0096C9E-9DD2-4951-B6ED-19904DEC8352}.Debug|x86.Build.0 = Debug|Win32
		{B0096C9E-9DD2-4951-B6ED-19904DEC8352}.Release|x64.ActiveCfg = Release|x64
		{B0096C9E-9DD2-4951-B6ED-19904DEC8352}.Release|x64.Build.0 = Release|x64
		{B0096C9E-9DD2-4951-B6ED-19904DEC8352}.Release|x86.ActiveCfg = Release|Win32
		{B0096C9E-9DD2-4951-B6ED-19904DEC8352}.Release|x86.Build.0 = Release|Win32
	EndGlobalSection
	GlobalSection(SolutionProperties) = preSolution
		HideSolutionNode = FALSE
	EndGlobalSection
	GlobalSection(ExtensibilityGlobals) = postSolution
		SolutionGuid = {1A6280A1-41F6-4FEF-82F3-7050AE8BFE42}
	EndGlobalSection
EndGlobal
